
Microsoft Visual Studio Solution File, Format Version 12.00
# Visual Studio Version 17
VisualStudioVersion = 17.8.34309.116
MinimumVisualStudioVersion = 10.0.40219.1
Project("{9A19103F-16F7-4668-BE54-9A1E7A4F7556}") = "Booky.DAL", "Boky.DAL\Booky.DAL.csproj", "{E175D8FA-7690-469B-A389-C95780704704}"
EndProject
Project("{9A19103F-16F7-4668-BE54-9A1E7A4F7556}") = "Booky.BL", "Booky.BL\Booky.BL.csproj", "{7FD88853-329C-47AB-B6B5-C5F7D8DAC779}"
EndProject
Project("{9A19103F-16F7-4668-BE54-9A1E7A4F7556}") = "Booky.PL", "Booky.PL\Booky.PL.csproj", "{7BAFF523-4042-4952-9916-283BE00C9EE5}"
EndProject
Global
	GlobalSection(SolutionConfigurationPlatforms) = preSolution
		Debug|Any CPU = Debug|Any CPU
		Release|Any CPU = Release|Any CPU
	EndGlobalSection
	GlobalSection(ProjectConfigurationPlatforms) = postSolution
		{E175D8FA-7690-469B-A389-C95780704704}.Debug|Any CPU.ActiveCfg = Debug|Any CPU
		{E175D8FA-7690-469B-A389-C95780704704}.Debug|Any CPU.Build.0 = Debug|Any CPU
		{E175D8FA-7690-469B-A389-C95780704704}.Release|Any CPU.ActiveCfg = Release|Any CPU
		{E175D8FA-7690-469B-A389-C95780704704}.Release|Any CPU.Build.0 = Release|Any CPU
		{7FD88853-329C-47AB-B6B5-C5F7D8DAC779}.Debug|Any CPU.ActiveCfg = Debug|Any CPU
		{7FD88853-329C-47AB-B6B5-C5F7D8DAC779}.Debug|Any CPU.Build.0 = Debug|Any CPU
		{7FD88853-329C-47AB-B6B5-C5F7D8DAC779}.Release|Any CPU.ActiveCfg = Release|Any CPU
		{7FD88853-329C-47AB-B6B5-C5F7D8DAC779}.Release|Any CPU.Build.0 = Release|Any CPU
		{7BAFF523-4042-4952-9916-283BE00C9EE5}.Debug|Any CPU.ActiveCfg = Debug|Any CPU
		{7BAFF523-4042-4952-9916-283BE00C9EE5}.Debug|Any CPU.Build.0 = Debug|Any CPU
		{7BAFF523-4042-4952-9916-283BE00C9EE5}.Release|Any CPU.ActiveCfg = Release|Any CPU
		{7BAFF523-4042-4952-9916-283BE00C9EE5}.Release|Any CPU.Build.0 = Release|Any CPU
	EndGlobalSection
	GlobalSection(SolutionProperties) = preSolution
		HideSolutionNode = FALSE
	EndGlobalSection
	GlobalSection(ExtensibilityGlobals) = postSolution
		SolutionGuid = {EF2E476C-AE4C-414B-B83B-662D063F223E}
	EndGlobalSection
EndGlobal
